
Microsoft Visual Studio Solution File, Format Version 12.00
# Visual Studio Version 17
VisualStudioVersion = 17.7.34031.279
MinimumVisualStudioVersion = 10.0.40219.1
Project("{FAE04EC0-301F-11D3-BF4B-00C04F79EFBC}") = "gpa_calculator", "gpa_calculator\gpa_calculator.csproj", "{17DC9BD0-C182-4BEC-BC59-2C4F50C9BB54}"
EndProject
Global
	GlobalSection(SolutionConfigurationPlatforms) = preSolution
		Debug|Any CPU = Debug|Any CPU
		Release|Any CPU = Release|Any CPU
	EndGlobalSection
	GlobalSection(ProjectConfigurationPlatforms) = postSolution
		{17DC9BD0-C182-4BEC-BC59-2C4F50C9BB54}.Debug|Any CPU.ActiveCfg = Debug|Any CPU
		{17DC9BD0-C182-4BEC-BC59-2C4F50C9BB54}.Debug|Any CPU.Build.0 = Debug|Any CPU
		{17DC9BD0-C182-4BEC-BC59-2C4F50C9BB54}.Release|Any CPU.ActiveCfg = Release|Any CPU
		{17DC9BD0-C182-4BEC-BC59-2C4F50C9BB54}.Release|Any CPU.Build.0 = Release|Any CPU
	EndGlobalSection
	GlobalSection(SolutionProperties) = preSolution
		HideSolutionNode = FALSE
	EndGlobalSection
	GlobalSection(ExtensibilityGlobals) = postSolution
		SolutionGuid = {0D35D40A-C1E6-4CCF-9757-003D89E29BC2}
	EndGlobalSection
EndGlobal
